
Microsoft Visual Studio Solution File, Format Version 12.00
# Visual Studio Version 17
VisualStudioVersion = 17.8.34330.188
MinimumVisualStudioVersion = 10.0.40219.1
Project("{FAE04EC0-301F-11D3-BF4B-00C04F79EFBC}") = "Week2", "Week2\Week2.csproj", "{5CB84C56-8111-411F-8570-C19612FD480D}"
EndProject
Global
	GlobalSection(SolutionConfigurationPlatforms) = preSolution
		Debug|Any CPU = Debug|Any CPU
		Release|Any CPU = Release|Any CPU
	EndGlobalSection
	GlobalSection(ProjectConfigurationPlatforms) = postSolution
		{5CB84C56-8111-411F-8570-C19612FD480D}.Debug|Any CPU.ActiveCfg = Debug|Any CPU
		{5CB84C56-8111-411F-8570-C19612FD480D}.Debug|Any CPU.Build.0 = Debug|Any CPU
		{5CB84C56-8111-411F-8570-C19612FD480D}.Release|Any CPU.ActiveCfg = Release|Any CPU
		{5CB84C56-8111-411F-8570-C19612FD480D}.Release|Any CPU.Build.0 = Release|Any CPU
	EndGlobalSection
	GlobalSection(SolutionProperties) = preSolution
		HideSolutionNode = FALSE
	EndGlobalSection
	GlobalSection(ExtensibilityGlobals) = postSolution
		SolutionGuid = {9256164C-A109-4AE8-A0DB-F7069CEA1617}
	EndGlobalSection
EndGlobal
